PODS:
  - Base64 (1.1.2)
  - CodePush (5.7.0):
    - Base64 (~> 1.1)
    - JWT (~> 3.0.0-beta.7)
    - React
    - SSZipArchive (~> 2.1)
  - FBSDKCoreKit (5.6.0):
    - FBSDKCoreKit/Basics (= 5.6.0)
    - FBSDKCoreKit/Core (= 5.6.0)
  - FBSDKCoreKit/Basics (5.6.0)
  - FBSDKCoreKit/Core (5.6.0):
    - FBSDKCoreKit/Basics
  - FBSDKLoginKit (5.6.0):
    - FBSDKLoginKit/Login (= 5.6.0)
  - FBSDKLoginKit/Login (5.6.0):
    - FBSDKCoreKit (~> 5.0)
  - FBSDKShareKit (5.6.0):
    - FBSDKShareKit/Share (= 5.6.0)
  - FBSDKShareKit/Share (5.6.0):
    - FBSDKCoreKit (~> 5.0)
  - Firebase/Core (5.20.2):
    - Firebase/CoreOnly
    - FirebaseAnalytics (= 5.8.1)
  - Firebase/CoreOnly (5.20.2):
    - FirebaseCore (= 5.4.1)
  - Firebase/Messaging (5.20.2):
    - Firebase/CoreOnly
    - FirebaseMessaging (= 3.5.0)
  - FirebaseAnalytics (5.8.1):
    - FirebaseCore (~> 5.4)
    - FirebaseInstanceID (~> 3.8)
    - GoogleAppMeasurement (= 5.8.1)
    - GoogleUtilities/AppDelegateSwizzler (~> 5.2)
    - GoogleUtilities/MethodSwizzler (~> 5.2)
    - GoogleUtilities/Network (~> 5.2)
    - "GoogleUtilities/NSData+zlib (~> 5.2)"
    - nanopb (~> 0.3)
  - FirebaseAnalyticsInterop (1.4.0)
  - FirebaseCore (5.4.1):
    - GoogleUtilities/Environment (~> 5.2)
    - GoogleUtilities/Logger (~> 5.2)
  - FirebaseInstanceID (3.8.1):
    - FirebaseCore (~> 5.2)
    - GoogleUtilities/Environment (~> 5.2)
    - GoogleUtilities/UserDefaults (~> 5.2)
  - FirebaseMessaging (3.5.0):
    - FirebaseAnalyticsInterop (~> 1.1)
    - FirebaseCore (~> 5.2)
    - FirebaseInstanceID (~> 3.6)
    - GoogleUtilities/Environment (~> 5.3)
    - GoogleUtilities/Reachability (~> 5.3)
    - GoogleUtilities/UserDefaults (~> 5.3)
    - Protobuf (~> 3.1)
  - Google-Maps-iOS-Utils (2.1.0):
    - Google-Maps-iOS-Utils/Clustering (= 2.1.0)
    - Google-Maps-iOS-Utils/Geometry (= 2.1.0)
    - Google-Maps-iOS-Utils/Heatmap (= 2.1.0)
    - Google-Maps-iOS-Utils/QuadTree (= 2.1.0)
    - GoogleMaps
  - Google-Maps-iOS-Utils/Clustering (2.1.0):
    - Google-Maps-iOS-Utils/QuadTree
    - GoogleMaps
  - Google-Maps-iOS-Utils/Geometry (2.1.0):
    - GoogleMaps
  - Google-Maps-iOS-Utils/Heatmap (2.1.0):
    - Google-Maps-iOS-Utils/QuadTree
    - GoogleMaps
  - Google-Maps-iOS-Utils/QuadTree (2.1.0):
    - GoogleMaps
  - GoogleAppMeasurement (5.8.1):
    - GoogleUtilities/AppDelegateSwizzler (~> 5.2)
    - GoogleUtilities/MethodSwizzler (~> 5.2)
    - GoogleUtilities/Network (~> 5.2)
    - "GoogleUtilities/NSData+zlib (~> 5.2)"
    - nanopb (~> 0.3)
  - GoogleMaps (3.1.0):
    - GoogleMaps/Maps (= 3.1.0)
  - GoogleMaps/Base (3.1.0)
  - GoogleMaps/Maps (3.1.0):
    - GoogleMaps/Base
  - GoogleUtilities/AppDelegateSwizzler (5.8.0):
    - GoogleUtilities/Environment
    - GoogleUtilities/Logger
    - GoogleUtilities/Network
  - GoogleUtilities/Environment (5.8.0)
  - GoogleUtilities/Logger (5.8.0):
    - GoogleUtilities/Environment
  - GoogleUtilities/MethodSwizzler (5.8.0):
    - GoogleUtilities/Logger
  - GoogleUtilities/Network (5.8.0):
    - GoogleUtilities/Logger
    - "GoogleUtilities/NSData+zlib"
    - GoogleUtilities/Reachability
  - "GoogleUtilities/NSData+zlib (5.8.0)"
  - GoogleUtilities/Reachability (5.8.0):
    - GoogleUtilities/Logger
  - GoogleUtilities/UserDefaults (5.8.0):
    - GoogleUtilities/Logger
  - JWT (3.0.0-beta.12):
    - Base64 (~> 1.1.2)
  - nanopb (0.3.9011):
    - nanopb/decode (= 0.3.9011)
    - nanopb/encode (= 0.3.9011)
  - nanopb/decode (0.3.9011)
  - nanopb/encode (0.3.9011)
  - Protobuf (3.10.0)
  - React (0.59.9):
    - React/Core (= 0.59.9)
  - react-native-document-picker (3.2.4):
    - React
  - react-native-fbsdk (0.10.3):
    - React
    - react-native-fbsdk/Core (= 0.10.3)
    - react-native-fbsdk/Login (= 0.10.3)
    - react-native-fbsdk/Share (= 0.10.3)
  - react-native-fbsdk/Core (0.10.3):
    - FBSDKCoreKit (~> 5.6.0)
    - React
  - react-native-fbsdk/Login (0.10.3):
    - FBSDKLoginKit (~> 5.6.0)
    - React
  - react-native-fbsdk/Share (0.10.3):
    - FBSDKShareKit (~> 5.6.0)
    - React
  - react-native-google-maps (0.25.0):
    - Google-Maps-iOS-Utils (= 2.1.0)
    - GoogleMaps (= 3.1.0)
    - React
  - react-native-maps (0.25.0):
    - React
  - react-native-pdf (5.1.4):
    - React
  - react-native-spinkit (1.0.2):
    - React
  - react-native-splash-screen (3.2.0):
    - React
  - React/Core (0.59.9):
    - yoga (= 0.59.9.React)
  - React/RCTImage (0.59.9):
    - React/Core
    - React/RCTNetwork
  - React/RCTNetwork (0.59.9):
    - React/Core
  - ReactNativeART (1.0.1):
    - React
  - rn-fetch-blob (0.10.6):
    - React/Core
  - RNFS (2.14.1):
    - React
  - RNVectorIcons (6.6.0):
    - React
  - SSZipArchive (2.2.2)
  - yoga (0.59.9.React)

DEPENDENCIES:
  - CodePush (from `../node_modules/react-native-code-push`)
  - Firebase/Core (~> 5.20.1)
  - Firebase/Messaging (~> 5.20.1)
  - Google-Maps-iOS-Utils
  - GoogleMaps
  - react-native-document-picker (from `../node_modules/react-native-document-picker`)
  - react-native-fbsdk (from `../node_modules/react-native-fbsdk`)
  - react-native-google-maps (from `../node_modules/react-native-maps`)
  - react-native-maps (from `../node_modules/react-native-maps`)
  - react-native-pdf (from `../node_modules/react-native-pdf`)
  - react-native-spinkit (from `../node_modules/react-native-spinkit`)
  - react-native-splash-screen (from `../node_modules/react-native-splash-screen`)
  - React/Core (from `../node_modules/react-native`)
  - React/RCTImage (from `../node_modules/react-native`)
  - "ReactNativeART (from `../node_modules/@react-native-community/art`)"
  - rn-fetch-blob (from `../node_modules/rn-fetch-blob`)
  - RNFS (from `../node_modules/react-native-fs`)
  - RNVectorIcons (from `../node_modules/react-native-vector-icons`)
  - yoga (from `../node_modules/react-native/ReactCommon/yoga`)

SPEC REPOS:
  https://github.com/CocoaPods/Specs.git:
    - Base64
    - FBSDKCoreKit
    - FBSDKLoginKit
    - FBSDKShareKit
    - Firebase
    - FirebaseAnalytics
    - FirebaseAnalyticsInterop
    - FirebaseCore
    - FirebaseInstanceID
    - FirebaseMessaging
    - Google-Maps-iOS-Utils
    - GoogleAppMeasurement
    - GoogleMaps
    - GoogleUtilities
    - JWT
    - nanopb
    - Protobuf
    - SSZipArchive

EXTERNAL SOURCES:
  CodePush:
    :path: "../node_modules/react-native-code-push"
  React:
    :path: "../node_modules/react-native"
  react-native-document-picker:
    :path: "../node_modules/react-native-document-picker"
  react-native-fbsdk:
    :path: "../node_modules/react-native-fbsdk"
  react-native-google-maps:
    :path: "../node_modules/react-native-maps"
  react-native-maps:
    :path: "../node_modules/react-native-maps"
  react-native-pdf:
    :path: "../node_modules/react-native-pdf"
  react-native-spinkit:
    :path: "../node_modules/react-native-spinkit"
  react-native-splash-screen:
    :path: "../node_modules/react-native-splash-screen"
  ReactNativeART:
    :path: "../node_modules/@react-native-community/art"
  rn-fetch-blob:
    :path: "../node_modules/rn-fetch-blob"
  RNFS:
    :path: "../node_modules/react-native-fs"
  RNVectorIcons:
    :path: "../node_modules/react-native-vector-icons"
  yoga:
    :path: "../node_modules/react-native/ReactCommon/yoga"

SPEC CHECKSUMS:
  Base64: cecfb41a004124895a7bcee567a89bae5a89d49b
  CodePush: d2e54ad42df82a8db65b2d23d8191b950ba945e1
  FBSDKCoreKit: d6655a343868d4bb5c29a60859bab07c3be14a0b
  FBSDKLoginKit: c5a623de88a6b0cda35b35582921f6cec2efcc36
  FBSDKShareKit: 0d8c4cfd5c1f185d5f9c26d79758b141086e1251
  Firebase: 0c8cf33f266410c61ab3e2265cfa412200351d9c
  FirebaseAnalytics: ece1aa57a4f43c64d53a648b5a5e05151aae947b
  FirebaseAnalyticsInterop: d48b6ab67bcf016a05e55b71fc39c61c0cb6b7f3
  FirebaseCore: f1a9a8be1aee4bf71a2fc0f4096df6788bdfda61
  FirebaseInstanceID: a122b0c258720cf250551bb2bedf48c699f80d90
  FirebaseMessaging: 4235f949ce1c4e827aeb19705ba5c53f9b85aa10
  Google-Maps-iOS-Utils: c32891ff472eaaa1fca032beedafa1a013af7875
  GoogleAppMeasurement: ffe513e90551844a739e7bcbb1d2aca1c28a4338
  GoogleMaps: 5c13302e6fe6bb6e686b267196586b91cd594225
  GoogleUtilities: 04fce34bcd5620c1ee76fb79172105c74a4df335
  JWT: 9b5c05abbcc1a0e69c3c91e1655b3387fc7e581d
  nanopb: 18003b5e52dab79db540fe93fe9579f399bd1ccd
  Protobuf: a4dc852ad69c027ca2166ed287b856697814375b
  React: a86b92f00edbe1873a63e4a212c29b7a7ad5224f
  react-native-document-picker: c36bf5f067a581657ecaf7124dcd921a8be19061
  react-native-fbsdk: 6e8697bdaf14db367b70a5d1c546b490f1f7b032
  react-native-google-maps: 88d750ad441b19c24885f20d43a55ecac25939b5
  react-native-maps: 190c02ca533fddac5bb49cf17bdece3644612107
  react-native-pdf: a1fff8513efae5e3c9e2dfa57b7faff2b78e20eb
  react-native-spinkit: 9a5d2f95aa975d5660fd3e76b7eac38e7329e46c
  react-native-splash-screen: 200d11d188e2e78cea3ad319964f6142b6384865
  ReactNativeART: d230fdaf9a6d15d5ec842355ada1edbe326c49d0
  rn-fetch-blob: 766f85cabd2992300dfa1be2bc9e4e258abc6f04
  RNFS: a8fbe7060fa49157d819466404794ad9c58e58cf
  RNVectorIcons: 0bb4def82230be1333ddaeee9fcba45f0b288ed4
  SSZipArchive: fa16b8cc4cdeceb698e5e5d9f67e9558532fbf23
  yoga: 03ff42a6f223fb88deeaed60249020d80c3091ee

PODFILE CHECKSUM: 6683ea496042becc0b37f1ef9e6def73252d3aed

COCOAPODS: 1.8.4
